
Microsoft Visual Studio Solution File, Format Version 12.00
# Visual Studio Version 16
VisualStudioVersion = 16.0.31624.102
MinimumVisualStudioVersion = 10.0.40219.1
Project("{FAE04EC0-301F-11D3-BF4B-00C04F79EFBC}") = "Academia.DotNet.CursoCSharp.ConsoleApplication", "Academia.DotNet.CursoCSharp.ConsoleApplication\Academia.DotNet.CursoCSharp.ConsoleApplication.csproj", "{1A3098FA-5678-4F32-832E-D4E332943712}"
EndProject
Project("{FAE04EC0-301F-11D3-BF4B-00C04F79EFBC}") = "Academia.DotNet.CursoCSharp.ConsoleApplication2", "Academia.DotNet.CursoCSharp.ConsoleApplication2\Academia.DotNet.CursoCSharp.ConsoleApplication2.csproj", "{B0724069-3F4C-4885-9E17-1501281B2501}"
EndProject
Global
	GlobalSection(SolutionConfigurationPlatforms) = preSolution
		Debug|Any CPU = Debug|Any CPU
		Release|Any CPU = Release|Any CPU
	EndGlobalSection
	GlobalSection(ProjectConfigurationPlatforms) = postSolution
		{1A3098FA-5678-4F32-832E-D4E332943712}.Debug|Any CPU.ActiveCfg = Debug|Any CPU
		{1A3098FA-5678-4F32-832E-D4E332943712}.Debug|Any CPU.Build.0 = Debug|Any CPU
		{1A3098FA-5678-4F32-832E-D4E332943712}.Release|Any CPU.ActiveCfg = Release|Any CPU
		{1A3098FA-5678-4F32-832E-D4E332943712}.Release|Any CPU.Build.0 = Release|Any CPU
		{B0724069-3F4C-4885-9E17-1501281B2501}.Debug|Any CPU.ActiveCfg = Debug|Any CPU
		{B0724069-3F4C-4885-9E17-1501281B2501}.Debug|Any CPU.Build.0 = Debug|Any CPU
		{B0724069-3F4C-4885-9E17-1501281B2501}.Release|Any CPU.ActiveCfg = Release|Any CPU
		{B0724069-3F4C-4885-9E17-1501281B2501}.Release|Any CPU.Build.0 = Release|Any CPU
	EndGlobalSection
	GlobalSection(SolutionProperties) = preSolution
		HideSolutionNode = FALSE
	EndGlobalSection
	GlobalSection(ExtensibilityGlobals) = postSolution
		SolutionGuid = {1356523A-E419-4DFA-9455-EFC8C3B28BBE}
	EndGlobalSection
EndGlobal
